
Microsoft Visual Studio Solution File, Format Version 12.00
# Visual Studio Version 17
VisualStudioVersion = 17.9.34728.123
MinimumVisualStudioVersion = 10.0.40219.1
Project("{9A19103F-16F7-4668-BE54-9A1E7A4F7556}") = "WMP", "WMP\WMP.csproj", "{6BDC0203-5813-436C-B93C-D14852714E43}"
EndProject
Project("{FAE04EC0-301F-11D3-BF4B-00C04F79EFBC}") = "SQLModel", "SQLModel\SQLModel.csproj", "{9D9E4EE1-38B1-4708-8BFF-303C2E08FD20}"
EndProject
Global
	GlobalSection(SolutionConfigurationPlatforms) = preSolution
		Debug|Any CPU = Debug|Any CPU
		Release|Any CPU = Release|Any CPU
	EndGlobalSection
	GlobalSection(ProjectConfigurationPlatforms) = postSolution
		{6BDC0203-5813-436C-B93C-D14852714E43}.Debug|Any CPU.ActiveCfg = Debug|Any CPU
		{6BDC0203-5813-436C-B93C-D14852714E43}.Debug|Any CPU.Build.0 = Debug|Any CPU
		{6BDC0203-5813-436C-B93C-D14852714E43}.Release|Any CPU.ActiveCfg = Release|Any CPU
		{6BDC0203-5813-436C-B93C-D14852714E43}.Release|Any CPU.Build.0 = Release|Any CPU
		{9D9E4EE1-38B1-4708-8BFF-303C2E08FD20}.Debug|Any CPU.ActiveCfg = Debug|Any CPU
		{9D9E4EE1-38B1-4708-8BFF-303C2E08FD20}.Debug|Any CPU.Build.0 = Debug|Any CPU
		{9D9E4EE1-38B1-4708-8BFF-303C2E08FD20}.Release|Any CPU.ActiveCfg = Release|Any CPU
		{9D9E4EE1-38B1-4708-8BFF-303C2E08FD20}.Release|Any CPU.Build.0 = Release|Any CPU
	EndGlobalSection
	GlobalSection(SolutionProperties) = preSolution
		HideSolutionNode = FALSE
	EndGlobalSection
	GlobalSection(ExtensibilityGlobals) = postSolution
		SolutionGuid = {3AC98182-1F01-4E04-B348-C5BE0AF3FE89}
	EndGlobalSection
EndGlobal
